
Microsoft Visual Studio Solution File, Format Version 12.00
# Visual Studio 15
VisualStudioVersion = 15.0.28307.1145
MinimumVisualStudioVersion = 10.0.40219.1
Project("{9A19103F-16F7-4668-BE54-9A1E7A4F7556}") = "Mastermind.Models", "Mastermind.Models\Mastermind.Models.csproj", "{B2B2B45F-83FE-4CC4-A3F0-429CB5228559}"
EndProject
Project("{9A19103F-16F7-4668-BE54-9A1E7A4F7556}") = "Mastermind.Core", "Mastermind.Core\Mastermind.Core.csproj", "{9E6E1A05-CB45-4D63-BE55-835824D95984}"
EndProject
Project("{9A19103F-16F7-4668-BE54-9A1E7A4F7556}") = "Mastermind.Tests", "Mastermind.Tests\Mastermind.Tests.csproj", "{C43BDCDC-5903-4A87-8209-3B0F5FF24F72}"
EndProject
Project("{9A19103F-16F7-4668-BE54-9A1E7A4F7556}") = "Mastermind.UI", "Mastermind.UI\Mastermind.UI.csproj", "{D8CB439D-8C80-4E2F-ABF6-2126613E8758}"
EndProject
Global
	GlobalSection(SolutionConfigurationPlatforms) = preSolution
		Debug|Any CPU = Debug|Any CPU
		Release|Any CPU = Release|Any CPU
	EndGlobalSection
	GlobalSection(ProjectConfigurationPlatforms) = postSolution
		{B2B2B45F-83FE-4CC4-A3F0-429CB5228559}.Debug|Any CPU.ActiveCfg = Debug|Any CPU
		{B2B2B45F-83FE-4CC4-A3F0-429CB5228559}.Debug|Any CPU.Build.0 = Debug|Any CPU
		{B2B2B45F-83FE-4CC4-A3F0-429CB5228559}.Release|Any CPU.ActiveCfg = Release|Any CPU
		{B2B2B45F-83FE-4CC4-A3F0-429CB5228559}.Release|Any CPU.Build.0 = Release|Any CPU
		{9E6E1A05-CB45-4D63-BE55-835824D95984}.Debug|Any CPU.ActiveCfg = Debug|Any CPU
		{9E6E1A05-CB45-4D63-BE55-835824D95984}.Debug|Any CPU.Build.0 = Debug|Any CPU
		{9E6E1A05-CB45-4D63-BE55-835824D95984}.Release|Any CPU.ActiveCfg = Release|Any CPU
		{9E6E1A05-CB45-4D63-BE55-835824D95984}.Release|Any CPU.Build.0 = Release|Any CPU
		{C43BDCDC-5903-4A87-8209-3B0F5FF24F72}.Debug|Any CPU.ActiveCfg = Debug|Any CPU
		{C43BDCDC-5903-4A87-8209-3B0F5FF24F72}.Debug|Any CPU.Build.0 = Debug|Any CPU
		{C43BDCDC-5903-4A87-8209-3B0F5FF24F72}.Release|Any CPU.ActiveCfg = Release|Any CPU
		{C43BDCDC-5903-4A87-8209-3B0F5FF24F72}.Release|Any CPU.Build.0 = Release|Any CPU
		{D8CB439D-8C80-4E2F-ABF6-2126613E8758}.Debug|Any CPU.ActiveCfg = Debug|Any CPU
		{D8CB439D-8C80-4E2F-ABF6-2126613E8758}.Debug|Any CPU.Build.0 = Debug|Any CPU
		{D8CB439D-8C80-4E2F-ABF6-2126613E8758}.Release|Any CPU.ActiveCfg = Release|Any CPU
		{D8CB439D-8C80-4E2F-ABF6-2126613E8758}.Release|Any CPU.Build.0 = Release|Any CPU
	EndGlobalSection
	GlobalSection(SolutionProperties) = preSolution
		HideSolutionNode = FALSE
	EndGlobalSection
	GlobalSection(ExtensibilityGlobals) = postSolution
		SolutionGuid = {D70770D1-F1C0-4245-BAA7-B078AB3C03DF}
	EndGlobalSection
EndGlobal
